Microsoft Visual Studio Solution File, Format Version 12.00
# Visual Studio Version 17
VisualStudioVersion = 17.7.34221.43
MinimumVisualStudioVersion = 10.0.40219.1
Project("{FAE04EC0-301F-11D3-BF4B-00C04F79EFBC}") = "AspPlayground", "AspPlayground\AspPlayground.csproj", "{47B57AC2-4914-479F-9078-C3461387E2BE}"
EndProject
Project("{2150E333-8FDC-42A3-9474-1A3956D46DE8}") = "Solution Items", "Solution Items", "{9218D871-1B6D-49C4-B9F1-663A2F38929F}"
	ProjectSection(SolutionItems) = preProject
		.gitignore = .gitignore
	EndProjectSection
EndProject
Global
	GlobalSection(SolutionConfigurationPlatforms) = preSolution
		Debug|Any CPU = Debug|Any CPU
		Release|Any CPU = Release|Any CPU
	EndGlobalSection
	GlobalSection(ProjectConfigurationPlatforms) = postSolution
		{47B57AC2-4914-479F-9078-C3461387E2BE}.Debug|Any CPU.ActiveCfg = Debug|Any CPU
		{47B57AC2-4914-479F-9078-C3461387E2BE}.Debug|Any CPU.Build.0 = Debug|Any CPU
		{47B57AC2-4914-479F-9078-C3461387E2BE}.Release|Any CPU.ActiveCfg = Release|Any CPU
		{47B57AC2-4914-479F-9078-C3461387E2BE}.Release|Any CPU.Build.0 = Release|Any CPU
	EndGlobalSection
	GlobalSection(SolutionProperties) = preSolution
		HideSolutionNode = FALSE
	EndGlobalSection
	GlobalSection(ExtensibilityGlobals) = postSolution
		SolutionGuid = {6C4F4F35-DA6C-45FE-B3E4-323466A06B2E}
	EndGlobalSection
EndGlobal
